
Microsoft Visual Studio Solution File, Format Version 12.00
# Visual Studio Version 17
VisualStudioVersion = 17.10.35122.118
MinimumVisualStudioVersion = 10.0.40219.1
Project("{FAE04EC0-301F-11D3-BF4B-00C04F79EFBC}") = "GodModeFileBrowser", "GodModeFileBrowser.csproj", "{28E7B654-ED12-42FD-9BF8-4F796ED7C840}"
EndProject
Global
	GlobalSection(SolutionConfigurationPlatforms) = preSolution
		Debug|Any CPU = Debug|Any CPU
		Release|Any CPU = Release|Any CPU
	EndGlobalSection
	GlobalSection(ProjectConfigurationPlatforms) = postSolution
		{28E7B654-ED12-42FD-9BF8-4F796ED7C840}.Debug|Any CPU.ActiveCfg = Debug|Any CPU
		{28E7B654-ED12-42FD-9BF8-4F796ED7C840}.Debug|Any CPU.Build.0 = Debug|Any CPU
		{28E7B654-ED12-42FD-9BF8-4F796ED7C840}.Release|Any CPU.ActiveCfg = Release|Any CPU
		{28E7B654-ED12-42FD-9BF8-4F796ED7C840}.Release|Any CPU.Build.0 = Release|Any CPU
	EndGlobalSection
	GlobalSection(SolutionProperties) = preSolution
		HideSolutionNode = FALSE
	EndGlobalSection
	GlobalSection(ExtensibilityGlobals) = postSolution
		SolutionGuid = {30DB7AD6-6C3B-422F-B633-E286EA948C9A}
	EndGlobalSection
EndGlobal
